
Microsoft Visual Studio Solution File, Format Version 12.00
# Visual Studio 14
VisualStudioVersion = 14.0.24720.0
MinimumVisualStudioVersion = 10.0.40219.1
Project("{FAE04EC0-301F-11D3-BF4B-00C04F79EFBC}") = "Ecommerce.Web", "Ecommerce\Ecommerce.Web.csproj", "{5E412D9B-802C-4473-B431-CAA8176F662C}"
EndProject
Project("{FAE04EC0-301F-11D3-BF4B-00C04F79EFBC}") = "Ecommerce.Entities", "Ecommerce.Entities\Ecommerce.Entities.csproj", "{71BA970D-4CCA-4164-8ECE-FC580A65C560}"
EndProject
Project("{FAE04EC0-301F-11D3-BF4B-00C04F79EFBC}") = "Ecommerce.Repository", "Ecommerce.Repository\Ecommerce.Repository.csproj", "{222BE445-A290-4590-8E8F-EC29E436DCED}"
EndProject
Project("{FAE04EC0-301F-11D3-BF4B-00C04F79EFBC}") = "Ecommerce.Services", "Ecommerce.Services\Ecommerce.Services.csproj", "{91E1E6A1-A502-4787-B117-A85C56128F96}"
EndProject
Project("{FAE04EC0-301F-11D3-BF4B-00C04F79EFBC}") = "Ecommerce.ViewModel", "Ecommerce.ViewModel\Ecommerce.ViewModel.csproj", "{9C795867-8A29-47AA-9701-136E794F3DBC}"
EndProject
Project("{00D1A9C2-B5F0-4AF3-8072-F6C62B433612}") = "Ecommerce.Database", "Ecommerce.Database\Ecommerce.Database.sqlproj", "{29CA330A-BDAD-4EF3-BD3E-7587C5D57422}"
EndProject
Project("{FAE04EC0-301F-11D3-BF4B-00C04F79EFBC}") = "Ecommerce.UnitTest", "Ecommerce.UnitTest\Ecommerce.UnitTest.csproj", "{3A6F5CCD-C86E-418E-990D-F64E7DB066A8}"
EndProject
Project("{FAE04EC0-301F-11D3-BF4B-00C04F79EFBC}") = "Ecommerce.Utils", "Ecommerce.Utils\Ecommerce.Utils.csproj", "{F0AF595D-B754-4B64-8BFD-E4867184C0E7}"
EndProject
Global
	GlobalSection(SolutionConfigurationPlatforms) = preSolution
		Debug|Any CPU = Debug|Any CPU
		Release|Any CPU = Release|Any CPU
	EndGlobalSection
	GlobalSection(ProjectConfigurationPlatforms) = postSolution
		{5E412D9B-802C-4473-B431-CAA8176F662C}.Debug|Any CPU.ActiveCfg = Debug|Any CPU
		{5E412D9B-802C-4473-B431-CAA8176F662C}.Debug|Any CPU.Build.0 = Debug|Any CPU
		{5E412D9B-802C-4473-B431-CAA8176F662C}.Release|Any CPU.ActiveCfg = Release|Any CPU
		{5E412D9B-802C-4473-B431-CAA8176F662C}.Release|Any CPU.Build.0 = Release|Any CPU
		{71BA970D-4CCA-4164-8ECE-FC580A65C560}.Debug|Any CPU.ActiveCfg = Debug|Any CPU
		{71BA970D-4CCA-4164-8ECE-FC580A65C560}.Debug|Any CPU.Build.0 = Debug|Any CPU
		{71BA970D-4CCA-4164-8ECE-FC580A65C560}.Release|Any CPU.ActiveCfg = Release|Any CPU
		{71BA970D-4CCA-4164-8ECE-FC580A65C560}.Release|Any CPU.Build.0 = Release|Any CPU
		{222BE445-A290-4590-8E8F-EC29E436DCED}.Debug|Any CPU.ActiveCfg = Debug|Any CPU
		{222BE445-A290-4590-8E8F-EC29E436DCED}.Debug|Any CPU.Build.0 = Debug|Any CPU
		{222BE445-A290-4590-8E8F-EC29E436DCED}.Release|Any CPU.ActiveCfg = Release|Any CPU
		{222BE445-A290-4590-8E8F-EC29E436DCED}.Release|Any CPU.Build.0 = Release|Any CPU
		{91E1E6A1-A502-4787-B117-A85C56128F96}.Debug|Any CPU.ActiveCfg = Debug|Any CPU
		{91E1E6A1-A502-4787-B117-A85C56128F96}.Debug|Any CPU.Build.0 = Debug|Any CPU
		{91E1E6A1-A502-4787-B117-A85C56128F96}.Release|Any CPU.ActiveCfg = Release|Any CPU
		{91E1E6A1-A502-4787-B117-A85C56128F96}.Release|Any CPU.Build.0 = Release|Any CPU
		{9C795867-8A29-47AA-9701-136E794F3DBC}.Debug|Any CPU.ActiveCfg = Debug|Any CPU
		{9C795867-8A29-47AA-9701-136E794F3DBC}.Debug|Any CPU.Build.0 = Debug|Any CPU
		{9C795867-8A29-47AA-9701-136E794F3DBC}.Release|Any CPU.ActiveCfg = Release|Any CPU
		{9C795867-8A29-47AA-9701-136E794F3DBC}.Release|Any CPU.Build.0 = Release|Any CPU
		{29CA330A-BDAD-4EF3-BD3E-7587C5D57422}.Debug|Any CPU.ActiveCfg = Debug|Any CPU
		{29CA330A-BDAD-4EF3-BD3E-7587C5D57422}.Debug|Any CPU.Build.0 = Debug|Any CPU
		{29CA330A-BDAD-4EF3-BD3E-7587C5D57422}.Debug|Any CPU.Deploy.0 = Debug|Any CPU
		{29CA330A-BDAD-4EF3-BD3E-7587C5D57422}.Release|Any CPU.ActiveCfg = Release|Any CPU
		{29CA330A-BDAD-4EF3-BD3E-7587C5D57422}.Release|Any CPU.Build.0 = Release|Any CPU
		{29CA330A-BDAD-4EF3-BD3E-7587C5D57422}.Release|Any CPU.Deploy.0 = Release|Any CPU
		{3A6F5CCD-C86E-418E-990D-F64E7DB066A8}.Debug|Any CPU.ActiveCfg = Debug|Any CPU
		{3A6F5CCD-C86E-418E-990D-F64E7DB066A8}.Debug|Any CPU.Build.0 = Debug|Any CPU
		{3A6F5CCD-C86E-418E-990D-F64E7DB066A8}.Release|Any CPU.ActiveCfg = Release|Any CPU
		{3A6F5CCD-C86E-418E-990D-F64E7DB066A8}.Release|Any CPU.Build.0 = Release|Any CPU
		{F0AF595D-B754-4B64-8BFD-E4867184C0E7}.Debug|Any CPU.ActiveCfg = Debug|Any CPU
		{F0AF595D-B754-4B64-8BFD-E4867184C0E7}.Debug|Any CPU.Build.0 = Debug|Any CPU
		{F0AF595D-B754-4B64-8BFD-E4867184C0E7}.Release|Any CPU.ActiveCfg = Release|Any CPU
		{F0AF595D-B754-4B64-8BFD-E4867184C0E7}.Release|Any CPU.Build.0 = Release|Any CPU
	EndGlobalSection
	GlobalSection(SolutionProperties) = preSolution
		HideSolutionNode = FALSE
	EndGlobalSection
EndGlobal
